
Microsoft Visual Studio Solution File, Format Version 11.00
# Visual Studio 2010
Project("{FAE04EC0-301F-11D3-BF4B-00C04F79EFBC}") = "Assembly-CSharp-firstpass", "Assembly-CSharp-firstpass.csproj", "{125DC79A-68F7-E087-7192-739DD2A8E1F0}"
EndProject
Project("{FAE04EC0-301F-11D3-BF4B-00C04F79EFBC}") = "Assembly-CSharp", "Assembly-CSharp.csproj", "{F7EB9682-D9EE-1836-10AC-027352918FFD}"
EndProject
Project("{FAE04EC0-301F-11D3-BF4B-00C04F79EFBC}") = "Assembly-CSharp-Editor-firstpass", "Assembly-CSharp-Editor-firstpass.csproj", "{5F67AF22-044D-D7FE-2EF7-B2DC8A1859E1}"
EndProject
Global
	GlobalSection(SolutionConfigurationPlatforms) = preSolution
		Debug|Any CPU = Debug|Any CPU
		Release|Any CPU = Release|Any CPU
	EndGlobalSection
	GlobalSection(ProjectConfigurationPlatforms) = postSolution
		{125DC79A-68F7-E087-7192-739DD2A8E1F0}.Debug|Any CPU.ActiveCfg = Debug|Any CPU
		{125DC79A-68F7-E087-7192-739DD2A8E1F0}.Debug|Any CPU.Build.0 = Debug|Any CPU
		{125DC79A-68F7-E087-7192-739DD2A8E1F0}.Release|Any CPU.ActiveCfg = Release|Any CPU
		{125DC79A-68F7-E087-7192-739DD2A8E1F0}.Release|Any CPU.Build.0 = Release|Any CPU
		{F7EB9682-D9EE-1836-10AC-027352918FFD}.Debug|Any CPU.ActiveCfg = Debug|Any CPU
		{F7EB9682-D9EE-1836-10AC-027352918FFD}.Debug|Any CPU.Build.0 = Debug|Any CPU
		{F7EB9682-D9EE-1836-10AC-027352918FFD}.Release|Any CPU.ActiveCfg = Release|Any CPU
		{F7EB9682-D9EE-1836-10AC-027352918FFD}.Release|Any CPU.Build.0 = Release|Any CPU
		{5F67AF22-044D-D7FE-2EF7-B2DC8A1859E1}.Debug|Any CPU.ActiveCfg = Debug|Any CPU
		{5F67AF22-044D-D7FE-2EF7-B2DC8A1859E1}.Debug|Any CPU.Build.0 = Debug|Any CPU
		{5F67AF22-044D-D7FE-2EF7-B2DC8A1859E1}.Release|Any CPU.ActiveCfg = Release|Any CPU
		{5F67AF22-044D-D7FE-2EF7-B2DC8A1859E1}.Release|Any CPU.Build.0 = Release|Any CPU
	EndGlobalSection
	GlobalSection(SolutionProperties) = preSolution
		HideSolutionNode = FALSE
	EndGlobalSection
	GlobalSection(MonoDevelopProperties) = preSolution
		StartupItem = Assembly-CSharp.csproj
	EndGlobalSection
EndGlobal
